
Microsoft Visual Studio Solution File, Format Version 12.00
# Visual Studio Version 16
VisualStudioVersion = 16.0.31729.503
MinimumVisualStudioVersion = 10.0.40219.1
Project("{FAE04EC0-301F-11D3-BF4B-00C04F79EFBC}") = "POS Final", "POS Final\POS Final.csproj", "{58B3C3E9-60A4-40C6-A212-3A5A31DE239C}"
EndProject
Global
	GlobalSection(SolutionConfigurationPlatforms) = preSolution
		Debug|Any CPU = Debug|Any CPU
		Release|Any CPU = Release|Any CPU
	EndGlobalSection
	GlobalSection(ProjectConfigurationPlatforms) = postSolution
		{58B3C3E9-60A4-40C6-A212-3A5A31DE239C}.Debug|Any CPU.ActiveCfg = Debug|Any CPU
		{58B3C3E9-60A4-40C6-A212-3A5A31DE239C}.Debug|Any CPU.Build.0 = Debug|Any CPU
		{58B3C3E9-60A4-40C6-A212-3A5A31DE239C}.Release|Any CPU.ActiveCfg = Release|Any CPU
		{58B3C3E9-60A4-40C6-A212-3A5A31DE239C}.Release|Any CPU.Build.0 = Release|Any CPU
	EndGlobalSection
	GlobalSection(SolutionProperties) = preSolution
		HideSolutionNode = FALSE
	EndGlobalSection
	GlobalSection(ExtensibilityGlobals) = postSolution
		SolutionGuid = {8902378B-3358-4850-9325-B65CA89DBD77}
	EndGlobalSection
EndGlobal
